{
  "projects": [
    {
      "projectId": "gmeH6XgPaBtkt51HunAo4g",
      "version": "18.17.0",
      "dependencies": {},
      "lang": "ts",
      "fileLocks": [
        {
          "assetId": "gmeH6XgPaBtkt51HunAo4g",
          "type": "projectCss",
          "checksum": "1c02168c6b23256606111fdfdbb63549"
        }
      ],
      "codegenVersion": "0.0.1"
    },
    {
      "projectId": "sukwaAw4znDX9cp6z7fNF2",
      "version": "latest",
      "dependencies": {
        "gmeH6XgPaBtkt51HunAo4g": "18.17.0"
      },
      "lang": "ts",
      "fileLocks": [
        {
          "type": "globalVariant",
          "assetId": "yD6nSsSkI58E",
          "checksum": "748aae9dd121b384385442f8a64f0827"
        },
        {
          "assetId": "sukwaAw4znDX9cp6z7fNF2",
          "type": "projectCss",
          "checksum": "bf2608b83fde344cf816a3dcc59e33a8"
        },
        {
          "type": "renderModule",
          "assetId": "10dculBEtEpB",
          "checksum": "5911a73c585081daa331ba5ff2c6bc62"
        },
        {
          "type": "cssRules",
          "assetId": "10dculBEtEpB",
          "checksum": "5911a73c585081daa331ba5ff2c6bc62"
        },
        {
          "type": "renderModule",
          "assetId": "TCZNSG3yzAXw",
          "checksum": "356c26fd704e5aba42cc6512d7e25eab"
        },
        {
          "type": "cssRules",
          "assetId": "TCZNSG3yzAXw",
          "checksum": "356c26fd704e5aba42cc6512d7e25eab"
        },
        {
          "type": "renderModule",
          "assetId": "5hq5zNDFSDU3",
          "checksum": "de99f6105aea21d880da02cf96726dba"
        },
        {
          "type": "cssRules",
          "assetId": "5hq5zNDFSDU3",
          "checksum": "de99f6105aea21d880da02cf96726dba"
        },
        {
          "type": "renderModule",
          "assetId": "7TU9GYwMR2wu",
          "checksum": "8193fdce8315640dd36718cfca4559ab"
        },
        {
          "type": "cssRules",
          "assetId": "7TU9GYwMR2wu",
          "checksum": "8193fdce8315640dd36718cfca4559ab"
        },
        {
          "type": "renderModule",
          "assetId": "pmBr6oMqlF9Q",
          "checksum": "aa3df04db99f29d7073dc9049c68a2ac"
        },
        {
          "type": "cssRules",
          "assetId": "pmBr6oMqlF9Q",
          "checksum": "aa3df04db99f29d7073dc9049c68a2ac"
        },
        {
          "type": "renderModule",
          "assetId": "hilXwj2zuv8l",
          "checksum": "e81da2c61d2247759c5971cbddcb465e"
        },
        {
          "type": "cssRules",
          "assetId": "hilXwj2zuv8l",
          "checksum": "e81da2c61d2247759c5971cbddcb465e"
        },
        {
          "type": "renderModule",
          "assetId": "dZ30yHi68-Ht",
          "checksum": "d0b6da022c55a120d20cede82a03826a"
        },
        {
          "type": "cssRules",
          "assetId": "dZ30yHi68-Ht",
          "checksum": "d0b6da022c55a120d20cede82a03826a"
        },
        {
          "type": "renderModule",
          "assetId": "vrM5YRDWAbVe",
          "checksum": "a10fc0c8129bde231058ee08596f6be6"
        },
        {
          "type": "cssRules",
          "assetId": "vrM5YRDWAbVe",
          "checksum": "a10fc0c8129bde231058ee08596f6be6"
        },
        {
          "type": "renderModule",
          "assetId": "JoABjcKSQUFm",
          "checksum": "89d4d8fdc68558aaabd55a9ad4a26c93"
        },
        {
          "type": "cssRules",
          "assetId": "JoABjcKSQUFm",
          "checksum": "89d4d8fdc68558aaabd55a9ad4a26c93"
        },
        {
          "type": "renderModule",
          "assetId": "PO4QgpURk8PT",
          "checksum": "2fc29663d3f127d0673f8b3c9f7ddfbb"
        },
        {
          "type": "cssRules",
          "assetId": "PO4QgpURk8PT",
          "checksum": "2fc29663d3f127d0673f8b3c9f7ddfbb"
        },
        {
          "type": "renderModule",
          "assetId": "xbXjpnIEzhsr",
          "checksum": "92a2cc2513ce6870b067f12a414d9822"
        },
        {
          "type": "cssRules",
          "assetId": "xbXjpnIEzhsr",
          "checksum": "92a2cc2513ce6870b067f12a414d9822"
        },
        {
          "type": "renderModule",
          "assetId": "Du8whN3CmsI2",
          "checksum": "0431664d42a6402a4915141d94ef79cd"
        },
        {
          "type": "cssRules",
          "assetId": "Du8whN3CmsI2",
          "checksum": "0431664d42a6402a4915141d94ef79cd"
        },
        {
          "type": "renderModule",
          "assetId": "l2ZMofBbNKhB",
          "checksum": "e878f70e59fb6e58fd3a6563ad0c7c41"
        },
        {
          "type": "cssRules",
          "assetId": "l2ZMofBbNKhB",
          "checksum": "e878f70e59fb6e58fd3a6563ad0c7c41"
        },
        {
          "type": "renderModule",
          "assetId": "E0zVk4NXy-ut",
          "checksum": "c3808090cb1d962d0692bd860e333399"
        },
        {
          "type": "cssRules",
          "assetId": "E0zVk4NXy-ut",
          "checksum": "c3808090cb1d962d0692bd860e333399"
        },
        {
          "type": "renderModule",
          "assetId": "0q5-o0eqlcXw",
          "checksum": "a4ff785792cdc52b218ae39bbd00adb8"
        },
        {
          "type": "cssRules",
          "assetId": "0q5-o0eqlcXw",
          "checksum": "a4ff785792cdc52b218ae39bbd00adb8"
        },
        {
          "type": "icon",
          "assetId": "bBPjXDxhAg6H",
          "checksum": "a0f3f528d6257439737b341a9d03bd6c"
        },
        {
          "type": "icon",
          "assetId": "D5dLFwqZf_NC",
          "checksum": "26bd7635fb72a06e92b7a1feb5cddba7"
        },
        {
          "type": "icon",
          "assetId": "sdcB9VRXna7n",
          "checksum": "96a1b95490b5fa39672dfbf5138aa66c"
        },
        {
          "type": "icon",
          "assetId": "U1zm-Vn6UMZH",
          "checksum": "1d087348a105a1dfa7925fd0e4eab808"
        },
        {
          "type": "icon",
          "assetId": "5sOxHl3UhOf3",
          "checksum": "76961e6c46ac24f74cf6949d8f79dd7d"
        },
        {
          "type": "icon",
          "assetId": "0tsEuKTmSMRi",
          "checksum": "ea6586925167237408f63c37dfcecb88"
        },
        {
          "type": "icon",
          "assetId": "lgeXwtellGVo",
          "checksum": "dd37585364745fa6a09fdeb88d0d8292"
        },
        {
          "type": "icon",
          "assetId": "RIcVTFFiCvDL",
          "checksum": "44c09dfa85bd5e4aefe6a55cf4b52c0a"
        },
        {
          "type": "icon",
          "assetId": "DsLyN-Nid2MX",
          "checksum": "e4fe8489f7dda0d57671231313e77e40"
        },
        {
          "type": "icon",
          "assetId": "Q6xzgigI4WPd",
          "checksum": "913f92b8a7067841a5f5a25ccc2e9a55"
        },
        {
          "type": "icon",
          "assetId": "laE32i_2cq3X",
          "checksum": "97c9d61ca80a82e2f2f0f5e76a18b431"
        },
        {
          "type": "icon",
          "assetId": "2mX9m0SGpfHg",
          "checksum": "c8e163575ccff5726173185093fa93ed"
        },
        {
          "type": "icon",
          "assetId": "aYrSHJDjpZOF",
          "checksum": "9de7e44ae7d06858aceabb6bbac65195"
        },
        {
          "type": "icon",
          "assetId": "zZNC4jOWk_Rp",
          "checksum": "5936a9e181c59b32bfa1f963f63502d9"
        },
        {
          "type": "icon",
          "assetId": "tdI-lnpGMInY",
          "checksum": "ff245a874f23e952a561b20eeddf447f"
        },
        {
          "type": "icon",
          "assetId": "spu60og1PFeD",
          "checksum": "450c3c9cc9c2b128d92e38be084b7394"
        },
        {
          "type": "icon",
          "assetId": "0A-kDEM5Rt2o",
          "checksum": "535cd78bdae3501a5601fcbc73b8523d"
        },
        {
          "type": "icon",
          "assetId": "8GaT7AqyWUZQ",
          "checksum": "9dc72f78951d33071b4674b5a90ee776"
        },
        {
          "type": "icon",
          "assetId": "Wvvcgm_yt8OG",
          "checksum": "599ffd2a1fd33b7d8f34c23be1e496f7"
        },
        {
          "type": "icon",
          "assetId": "5sIJxEaLObkf",
          "checksum": "6e7509662760df0801de1ced85d76cd0"
        },
        {
          "type": "icon",
          "assetId": "-oHirx21beUr",
          "checksum": "9391549bb704d695e433c4dfb02c6012"
        },
        {
          "type": "icon",
          "assetId": "Jpl4oGH7BVpA",
          "checksum": "d30805762c24a5983e93a5346c390bf9"
        },
        {
          "type": "icon",
          "assetId": "tGjA-ltX8Uir",
          "checksum": "70be1a5eea2cdb89294706a88e786efb"
        },
        {
          "type": "icon",
          "assetId": "Co5d3aYsRU2L",
          "checksum": "48cb2a78d8dd6b9a52c0f847bc27d6a8"
        },
        {
          "type": "icon",
          "assetId": "T-i_p-xyPW6y",
          "checksum": "a1333cfb11a9d5e764ef0d1ed69cb6b2"
        },
        {
          "type": "icon",
          "assetId": "tewKNGALZEq6",
          "checksum": "f2d7b7be32682d57fc1d3b28835c845d"
        },
        {
          "type": "icon",
          "assetId": "HOn3Z4o4U9Qd",
          "checksum": "b603d958d46481a97a1949bdd854799a"
        },
        {
          "type": "icon",
          "assetId": "zSf3vkD3M66a",
          "checksum": "f97ec66c5f7c910f43309966c3f2e6b9"
        },
        {
          "type": "icon",
          "assetId": "P3KpJT3kxpKl",
          "checksum": "ea59b0f111346e7cc9098aeb4142d323"
        },
        {
          "type": "icon",
          "assetId": "BsO0cwhXv7pt",
          "checksum": "6ceec976c7a7053ec747cc48b8842509"
        },
        {
          "type": "icon",
          "assetId": "X7FVB00IVUic",
          "checksum": "8dec1f25fe21efe079b18908bfc4152b"
        },
        {
          "type": "icon",
          "assetId": "lNlkuwVSrUsZ",
          "checksum": "7fb118bf818e091a3f7eec5ca03298e8"
        },
        {
          "type": "icon",
          "assetId": "7Id75XlXVhfJ",
          "checksum": "f77eb8fe974d4d9004e1e0c775ea4457"
        },
        {
          "type": "icon",
          "assetId": "rEvqZ-NaqF6z",
          "checksum": "4bd8d9c7ba68242e531a45c31eb20caa"
        },
        {
          "type": "icon",
          "assetId": "LDF5Xlonc-2X",
          "checksum": "4e3e594aabc8c09a8f216403d1e14e4f"
        },
        {
          "type": "icon",
          "assetId": "z1Tz2e3gOYmN",
          "checksum": "c6b1f1aaee2d641b198e5f9c14b53277"
        },
        {
          "type": "icon",
          "assetId": "b8xknKkH_HY4",
          "checksum": "deecabada50206e43e9b90e7204c2748"
        },
        {
          "type": "icon",
          "assetId": "8I2q8GBn7n3z",
          "checksum": "d2cda72f742b394dd60470872e697ba3"
        },
        {
          "type": "icon",
          "assetId": "tQHKlkPxwRsF",
          "checksum": "dc42c6fec371bc27c5fd6accaf6d81a3"
        },
        {
          "type": "icon",
          "assetId": "dGIOt8Z8Ccuu",
          "checksum": "30403466fffd6f21ff11ec24a2003815"
        },
        {
          "type": "icon",
          "assetId": "Na3GeRoiAgNz",
          "checksum": "396e9e5c0f38fbe957267a9cc45e23b0"
        },
        {
          "type": "image",
          "assetId": "F4RHOyFgvT6e",
          "checksum": "3775078f243ba3f3e40fcbff6a8ebb1a"
        },
        {
          "type": "image",
          "assetId": "fyX1L_jmDuL8",
          "checksum": "5091d46fcc3c7ef1b5c9033008b39d7f"
        },
        {
          "type": "image",
          "assetId": "BHzn9rWT3ilJ",
          "checksum": "fc6917d390d492557a529632ed4cd436"
        },
        {
          "type": "image",
          "assetId": "pRKb6uZsECVP",
          "checksum": "fc8b540c9ecb69257bde76985b3e730f"
        },
        {
          "type": "image",
          "assetId": "RRomN0mZ-uU8",
          "checksum": "8babc36dc808fdb9206ff415ed67395b"
        },
        {
          "type": "image",
          "assetId": "EACl8r3_boCF",
          "checksum": "245291f06e69dd1fe9e08b63621beff2"
        },
        {
          "type": "image",
          "assetId": "ZhgOG8v1LFAN",
          "checksum": "009e420d65eca2d31786f3ddf2b09531"
        },
        {
          "type": "image",
          "assetId": "7qh17As57d46",
          "checksum": "66762a9e84fca67a7adb1985b35a2f63"
        },
        {
          "type": "image",
          "assetId": "o8SY4bgCHCk7",
          "checksum": "d0a9743694db8de3c88b020174b10616"
        },
        {
          "type": "image",
          "assetId": "a68PmxrmNzhJ",
          "checksum": "3e37290c9f6a3d741b10dde9643e5147"
        },
        {
          "type": "image",
          "assetId": "5cv19bHoCdQW",
          "checksum": "95dbe40345f46a44affb179068e19b53"
        },
        {
          "type": "image",
          "assetId": "T_y412qUAWFD",
          "checksum": "7ca0f3788f2da65a3dcb839d4cbe17bd"
        },
        {
          "type": "image",
          "assetId": "wjxaRfWjsSN3",
          "checksum": "7eba672fb4c713ef13eb9b48cb06678e"
        },
        {
          "type": "image",
          "assetId": "o-MThh7aPXYt",
          "checksum": "f797e11cd3f1e4af8bfc77bb584fd69e"
        },
        {
          "type": "image",
          "assetId": "0b5gvhN9MgQJ",
          "checksum": "646ec40c51eece1d76f5e921c46ec8d3"
        },
        {
          "type": "image",
          "assetId": "K-uNTOAbwIgQ",
          "checksum": "d3cda7fd1fdddd9dd6f98ab20e752552"
        },
        {
          "type": "image",
          "assetId": "Y_2q7Z9jB295",
          "checksum": "d6e6da646ad641cd9f86ad2af7d22451"
        },
        {
          "type": "image",
          "assetId": "GYOSDSPJzRyD",
          "checksum": "6251fb99d4db5d7ae9005d1f3566562f"
        },
        {
          "type": "image",
          "assetId": "acNZYbpqvlxV",
          "checksum": "32b6a4529af2e12b30bd28ab38bc6f36"
        },
        {
          "type": "image",
          "assetId": "uFzxboUwtkp4",
          "checksum": "b05f6e2a8608a36b1a6e0a220c353c5a"
        },
        {
          "type": "image",
          "assetId": "zuHKEOwM4NXG",
          "checksum": "e75c6dba5a0b98f6be07a1afe5f57398"
        },
        {
          "type": "image",
          "assetId": "i73Z_u2B6RNF",
          "checksum": "18c8370427334ce23e29ccec5f9472f5"
        },
        {
          "type": "image",
          "assetId": "CGkPs1OIvZZa",
          "checksum": "ece78030b024cb9af12fa3bd9aeaeb80"
        },
        {
          "type": "image",
          "assetId": "FHqmSInZzWfl",
          "checksum": "bbf4cb2180d3d8103d7cbd86dcc0299a"
        },
        {
          "type": "image",
          "assetId": "aExJj9dQGMdO",
          "checksum": "53f9bbdd77ab470a629c6b6d7f204d62"
        },
        {
          "type": "image",
          "assetId": "hhf9kO8bLLJh",
          "checksum": "400fa60fa4ad8b02802aa5508ee7532a"
        },
        {
          "type": "image",
          "assetId": "iKzJS62CRSAW",
          "checksum": "b4bcfdca2758abef0de3ab4f2e3f528b"
        },
        {
          "type": "image",
          "assetId": "DcrFZ3GAOxlP",
          "checksum": "5d8ed5cdcfac05c0e56205fcb6f68a86"
        },
        {
          "type": "image",
          "assetId": "hKGpAjKNV-LW",
          "checksum": "015ec0f83b4fb9b284d0b0e52e490446"
        },
        {
          "type": "image",
          "assetId": "GuX-xvRdw2XL",
          "checksum": "2e9a5ce9c5c56bb6fb82cab0248af88c"
        },
        {
          "type": "image",
          "assetId": "J0-Yj38yDkex",
          "checksum": "138d08f6f90f5f5dd5f3fe8a307c7cb8"
        },
        {
          "type": "image",
          "assetId": "ZL8ARY9FndoP",
          "checksum": "6b0f37371e99f1e15ecebf73e0e8c110"
        }
      ],
      "codegenVersion": "0.0.1"
    }
  ],
  "cliVersion": "0.1.337"
}
